
Microsoft Visual Studio Solution File, Format Version 12.00
# Visual Studio Version 17
VisualStudioVersion = 17.7.34221.43
MinimumVisualStudioVersion = 10.0.40219.1
Project("{9A19103F-16F7-4668-BE54-9A1E7A4F7556}") = "FinalProject.Core", "FinalProject.Core\FinalProject.Core.csproj", "{4BE0ACF5-BFB8-4590-868F-79DAB72F3C5A}"
EndProject
Project("{9A19103F-16F7-4668-BE54-9A1E7A4F7556}") = "FinalProject.UI", "FinalProject.UI\FinalProject.UI.csproj", "{036D3494-CB23-4554-AF63-EFEBAE451501}"
EndProject
Project("{FAE04EC0-301F-11D3-BF4B-00C04F79EFBC}") = "FinalProject.DataManager", "FinalProject.DataManager\FinalProject.DataManager.csproj", "{4484389C-63AF-4DC4-B3CD-D487665A7691}"
EndProject
Global
	GlobalSection(SolutionConfigurationPlatforms) = preSolution
		Debug|Any CPU = Debug|Any CPU
		Release|Any CPU = Release|Any CPU
	EndGlobalSection
	GlobalSection(ProjectConfigurationPlatforms) = postSolution
		{4BE0ACF5-BFB8-4590-868F-79DAB72F3C5A}.Debug|Any CPU.ActiveCfg = Debug|Any CPU
		{4BE0ACF5-BFB8-4590-868F-79DAB72F3C5A}.Debug|Any CPU.Build.0 = Debug|Any CPU
		{4BE0ACF5-BFB8-4590-868F-79DAB72F3C5A}.Release|Any CPU.ActiveCfg = Release|Any CPU
		{4BE0ACF5-BFB8-4590-868F-79DAB72F3C5A}.Release|Any CPU.Build.0 = Release|Any CPU
		{036D3494-CB23-4554-AF63-EFEBAE451501}.Debug|Any CPU.ActiveCfg = Debug|Any CPU
		{036D3494-CB23-4554-AF63-EFEBAE451501}.Debug|Any CPU.Build.0 = Debug|Any CPU
		{036D3494-CB23-4554-AF63-EFEBAE451501}.Release|Any CPU.ActiveCfg = Release|Any CPU
		{036D3494-CB23-4554-AF63-EFEBAE451501}.Release|Any CPU.Build.0 = Release|Any CPU
		{4484389C-63AF-4DC4-B3CD-D487665A7691}.Debug|Any CPU.ActiveCfg = Debug|Any CPU
		{4484389C-63AF-4DC4-B3CD-D487665A7691}.Debug|Any CPU.Build.0 = Debug|Any CPU
		{4484389C-63AF-4DC4-B3CD-D487665A7691}.Release|Any CPU.ActiveCfg = Release|Any CPU
		{4484389C-63AF-4DC4-B3CD-D487665A7691}.Release|Any CPU.Build.0 = Release|Any CPU
	EndGlobalSection
	GlobalSection(SolutionProperties) = preSolution
		HideSolutionNode = FALSE
	EndGlobalSection
	GlobalSection(ExtensibilityGlobals) = postSolution
		SolutionGuid = {F56FB5E2-0711-45F4-95CC-E3516EA45CD9}
	EndGlobalSection
EndGlobal
